
Microsoft Visual Studio Solution File, Format Version 12.00
# Visual Studio Version 17
VisualStudioVersion = 17.1.32421.90
MinimumVisualStudioVersion = 10.0.40219.1
Project("{FAE04EC0-301F-11D3-BF4B-00C04F79EFBC}") = "COMP2084Lab1", "COMP2084Lab1\COMP2084Lab1.csproj", "{A76A8C47-D3F9-4365-9970-6A755BA701E3}"
EndProject
Global
	GlobalSection(SolutionConfigurationPlatforms) = preSolution
		Debug|Any CPU = Debug|Any CPU
		Release|Any CPU = Release|Any CPU
	EndGlobalSection
	GlobalSection(ProjectConfigurationPlatforms) = postSolution
		{A76A8C47-D3F9-4365-9970-6A755BA701E3}.Debug|Any CPU.ActiveCfg = Debug|Any CPU
		{A76A8C47-D3F9-4365-9970-6A755BA701E3}.Debug|Any CPU.Build.0 = Debug|Any CPU
		{A76A8C47-D3F9-4365-9970-6A755BA701E3}.Release|Any CPU.ActiveCfg = Release|Any CPU
		{A76A8C47-D3F9-4365-9970-6A755BA701E3}.Release|Any CPU.Build.0 = Release|Any CPU
	EndGlobalSection
	GlobalSection(SolutionProperties) = preSolution
		HideSolutionNode = FALSE
	EndGlobalSection
	GlobalSection(ExtensibilityGlobals) = postSolution
		SolutionGuid = {2DFF53AF-71D3-402A-8C7F-40E8DF75685B}
	EndGlobalSection
EndGlobal
